<Solution>
  <Folder Name="/src/">
    <Project Path="src/VoxMentor.Api/VoxMentor.Api.csproj" />
    <Project Path="src/VoxMentor.Application/VoxMentor.Application.csproj" />
    <Project Path="src/VoxMentor.CodeExecService/VoxMentor.CodeExecService.csproj" />
    <Project Path="src/VoxMentor.Domain/VoxMentor.Domain.csproj" />
    <Project Path="src/VoxMentor.Gateway/VoxMentor.Gateway.csproj" />
    <Project Path="src/VoxMentor.Infrastructure/VoxMentor.Infrastructure.csproj" />
    <Project Path="src/VoxMentor.Tests/VoxMentor.Tests.csproj" />
    <Project Path="src/VoxMentor.TutorService/VoxMentor.TutorService.csproj" />
  </Folder>
</Solution>
